
Microsoft Visual Studio Solution File, Format Version 12.00
# Visual Studio 15
VisualStudioVersion = 15.0.27004.2009
MinimumVisualStudioVersion = 10.0.40219.1
Project("{FAE04EC0-301F-11D3-BF4B-00C04F79EFBC}") = "Core.Client", "Core.Client\Core.Client.csproj", "{33014511-3D65-4DE8-A162-4B2B4CD8C2DC}"
EndProject
Project("{FAE04EC0-301F-11D3-BF4B-00C04F79EFBC}") = "Greeter", "Greeter\Greeter.csproj", "{37E3DD13-1B7A-492E-B08C-175938543338}"
EndProject
Global
	GlobalSection(SolutionConfigurationPlatforms) = preSolution
		Debug|Any CPU = Debug|Any CPU
		Release|Any CPU = Release|Any CPU
	EndGlobalSection
	GlobalSection(ProjectConfigurationPlatforms) = postSolution
		{33014511-3D65-4DE8-A162-4B2B4CD8C2DC}.Debug|Any CPU.ActiveCfg = Debug|Any CPU
		{33014511-3D65-4DE8-A162-4B2B4CD8C2DC}.Debug|Any CPU.Build.0 = Debug|Any CPU
		{33014511-3D65-4DE8-A162-4B2B4CD8C2DC}.Release|Any CPU.ActiveCfg = Release|Any CPU
		{33014511-3D65-4DE8-A162-4B2B4CD8C2DC}.Release|Any CPU.Build.0 = Release|Any CPU
		{37E3DD13-1B7A-492E-B08C-175938543338}.Debug|Any CPU.ActiveCfg = Debug|Any CPU
		{37E3DD13-1B7A-492E-B08C-175938543338}.Debug|Any CPU.Build.0 = Debug|Any CPU
		{37E3DD13-1B7A-492E-B08C-175938543338}.Release|Any CPU.ActiveCfg = Release|Any CPU
		{37E3DD13-1B7A-492E-B08C-175938543338}.Release|Any CPU.Build.0 = Release|Any CPU
	EndGlobalSection
	GlobalSection(SolutionProperties) = preSolution
		HideSolutionNode = FALSE
	EndGlobalSection
	GlobalSection(ExtensibilityGlobals) = postSolution
		SolutionGuid = {8B6A5528-63D5-45BE-8E9D-0B8B90DF9227}
	EndGlobalSection
EndGlobal
